<?xml version="1.0" encoding="utf-8"?>
<Project ToolsVersion="4.0" xmlns="http://schemas.microsoft.com/developer/msbuild/2003">
  <ItemGroup>
    <Filter Include="Header Files">
      <UniqueIdentifier>{dee2e139-ee4e-49dd-9312-2afaa42be3a2}</UniqueIdentifier>
      <Extensions>cpp;c;cu;cc;cxx;def;odl;idl;hpj;bat;asm;asmx</Extensions>
    </Filter>
    <Filter Include="Source Files">
      <UniqueIdentifier>{b457cfdc-45e9-4219-b1b3-e543fbec48a2}</UniqueIdentifier>
      <Extensions>cpp;c;cu;cc;cxx;def;odl;idl;hpj;bat;asm;asmx</Extensions>
    </Filter>
  </ItemGroup>
  <ItemGroup>
    <ClCompile Include="distribution.cpp">
      <Filter>Source Files</Filter>
    </ClCompile>
    <ClCompile Include="nebula.cpp">
      <Filter>Source Files</Filter>
    </ClCompile>
    <ClCompile Include="util_init.cpp">
      <Filter>Source Files</Filter>
    </ClCompile>
  </ItemGroup>
  <ItemGroup>
    <CudaCompile Include="main.cu">
      <Filter>Source Files</Filter>
    </CudaCompile>
  </ItemGroup>
  <ItemGroup>
    <ClInclude Include="distribution.h">
      <Filter>Header Files</Filter>
    </ClInclude>
    <ClInclude Include="nebula.h">
      <Filter>Header Files</Filter>
    </ClInclude>
    <ClInclude Include="util_init.h">
      <Filter>Header Files</Filter>
    </ClInclude>
    <ClInclude Include="red.cuda.initial.type.h">
      <Filter>Header Files</Filter>
    </ClInclude>
  </ItemGroup>
</Project>