<?xml version="1.0" encoding="utf-8"?>
<Project ToolsVersion="4.0" xmlns="http://schemas.microsoft.com/developer/msbuild/2003">
  <ItemGroup>
    <Filter Include="Header Files">
      <UniqueIdentifier>{099c7f3d-25b8-4dfb-be0c-6aa51f02cf69}</UniqueIdentifier>
    </Filter>
    <Filter Include="Source Files">
      <UniqueIdentifier>{81a7ff3a-0179-4812-ad3a-9107a159cb9b}</UniqueIdentifier>
    </Filter>
  </ItemGroup>
  <ItemGroup>
    <CudaCompile Include="main.cu">
      <Filter>Source Files</Filter>
    </CudaCompile>
    <CudaCompile Include="nbody.cu">
      <Filter>Source Files</Filter>
    </CudaCompile>
    <CudaCompile Include="integrator.cu">
      <Filter>Source Files</Filter>
    </CudaCompile>
    <CudaCompile Include="int_rungekutta8.cu">
      <Filter>Source Files</Filter>
    </CudaCompile>
  </ItemGroup>
  <ItemGroup>
    <ClCompile Include="options.cpp">
      <Filter>Source Files</Filter>
    </ClCompile>
    <ClCompile Include="parameter.cpp">
      <Filter>Source Files</Filter>
    </ClCompile>
    <ClCompile Include="number_of_bodies.cpp">
      <Filter>Source Files</Filter>
    </ClCompile>
  </ItemGroup>
  <ItemGroup>
    <ClInclude Include="options.h">
      <Filter>Header Files</Filter>
    </ClInclude>
    <ClInclude Include="parameter.h">
      <Filter>Header Files</Filter>
    </ClInclude>
    <ClInclude Include="nbody.h">
      <Filter>Header Files</Filter>
    </ClInclude>
    <ClInclude Include="number_of_bodies.h">
      <Filter>Header Files</Filter>
    </ClInclude>
    <ClInclude Include="integrator.h">
      <Filter>Header Files</Filter>
    </ClInclude>
    <ClInclude Include="int_rungekutta8.h">
      <Filter>Header Files</Filter>
    </ClInclude>
  </ItemGroup>
</Project>